
Microsoft Visual Studio Solution File, Format Version 12.00
# Visual Studio Version 16
VisualStudioVersion = 16.0.30308.118
MinimumVisualStudioVersion = 10.0.40219.1
Project("{FAE04EC0-301F-11D3-BF4B-00C04F79EFBC}") = "sample301", "sample301\sample301.csproj", "{AF2BA8E5-743B-46AF-93BB-A1FD388EDF24}"
EndProject
Global
	GlobalSection(SolutionConfigurationPlatforms) = preSolution
		Debug|Any CPU = Debug|Any CPU
		Release|Any CPU = Release|Any CPU
	EndGlobalSection
	GlobalSection(ProjectConfigurationPlatforms) = postSolution
		{AF2BA8E5-743B-46AF-93BB-A1FD388EDF24}.Debug|Any CPU.ActiveCfg = Debug|Any CPU
		{AF2BA8E5-743B-46AF-93BB-A1FD388EDF24}.Debug|Any CPU.Build.0 = Debug|Any CPU
		{AF2BA8E5-743B-46AF-93BB-A1FD388EDF24}.Release|Any CPU.ActiveCfg = Release|Any CPU
		{AF2BA8E5-743B-46AF-93BB-A1FD388EDF24}.Release|Any CPU.Build.0 = Release|Any CPU
	EndGlobalSection
	GlobalSection(SolutionProperties) = preSolution
		HideSolutionNode = FALSE
	EndGlobalSection
	GlobalSection(ExtensibilityGlobals) = postSolution
		SolutionGuid = {458B96A4-40D5-401A-8713-87E84F346F41}
	EndGlobalSection
EndGlobal
