
Microsoft Visual Studio Solution File, Format Version 12.00
# Visual Studio Version 16
VisualStudioVersion = 16.0.30308.118
MinimumVisualStudioVersion = 10.0.40219.1
Project("{FAE04EC0-301F-11D3-BF4B-00C04F79EFBC}") = "Example405", "Example405\Example405.csproj", "{916621A2-EF20-4BF3-9D79-6533A0D0F5B9}"
EndProject
Global
	GlobalSection(SolutionConfigurationPlatforms) = preSolution
		Debug|Any CPU = Debug|Any CPU
		Release|Any CPU = Release|Any CPU
	EndGlobalSection
	GlobalSection(ProjectConfigurationPlatforms) = postSolution
		{916621A2-EF20-4BF3-9D79-6533A0D0F5B9}.Debug|Any CPU.ActiveCfg = Debug|Any CPU
		{916621A2-EF20-4BF3-9D79-6533A0D0F5B9}.Debug|Any CPU.Build.0 = Debug|Any CPU
		{916621A2-EF20-4BF3-9D79-6533A0D0F5B9}.Release|Any CPU.ActiveCfg = Release|Any CPU
		{916621A2-EF20-4BF3-9D79-6533A0D0F5B9}.Release|Any CPU.Build.0 = Release|Any CPU
	EndGlobalSection
	GlobalSection(SolutionProperties) = preSolution
		HideSolutionNode = FALSE
	EndGlobalSection
	GlobalSection(ExtensibilityGlobals) = postSolution
		SolutionGuid = {1E7C39F3-7586-432A-90A5-465972106EB9}
	EndGlobalSection
EndGlobal
