
Microsoft Visual Studio Solution File, Format Version 12.00
# Visual Studio Version 16
VisualStudioVersion = 16.0.30308.118
MinimumVisualStudioVersion = 10.0.40219.1
Project("{FAE04EC0-301F-11D3-BF4B-00C04F79EFBC}") = "Example502", "Example502\Example502.csproj", "{AB39FC78-74BA-4795-A869-A9850E5B4A98}"
EndProject
Global
	GlobalSection(SolutionConfigurationPlatforms) = preSolution
		Debug|Any CPU = Debug|Any CPU
		Release|Any CPU = Release|Any CPU
	EndGlobalSection
	GlobalSection(ProjectConfigurationPlatforms) = postSolution
		{AB39FC78-74BA-4795-A869-A9850E5B4A98}.Debug|Any CPU.ActiveCfg = Debug|Any CPU
		{AB39FC78-74BA-4795-A869-A9850E5B4A98}.Debug|Any CPU.Build.0 = Debug|Any CPU
		{AB39FC78-74BA-4795-A869-A9850E5B4A98}.Release|Any CPU.ActiveCfg = Release|Any CPU
		{AB39FC78-74BA-4795-A869-A9850E5B4A98}.Release|Any CPU.Build.0 = Release|Any CPU
	EndGlobalSection
	GlobalSection(SolutionProperties) = preSolution
		HideSolutionNode = FALSE
	EndGlobalSection
	GlobalSection(ExtensibilityGlobals) = postSolution
		SolutionGuid = {21472CDF-B3C9-4687-9B34-00B773587172}
	EndGlobalSection
EndGlobal
