
Microsoft Visual Studio Solution File, Format Version 12.00
# Visual Studio Version 16
VisualStudioVersion = 16.0.30308.118
MinimumVisualStudioVersion = 10.0.40219.1
Project("{FAE04EC0-301F-11D3-BF4B-00C04F79EFBC}") = "saumple306", "saumple306\saumple306.csproj", "{8CC7A17F-CDB6-4BD8-AAD9-CB5FD5BC9D34}"
EndProject
Global
	GlobalSection(SolutionConfigurationPlatforms) = preSolution
		Debug|Any CPU = Debug|Any CPU
		Release|Any CPU = Release|Any CPU
	EndGlobalSection
	GlobalSection(ProjectConfigurationPlatforms) = postSolution
		{8CC7A17F-CDB6-4BD8-AAD9-CB5FD5BC9D34}.Debug|Any CPU.ActiveCfg = Debug|Any CPU
		{8CC7A17F-CDB6-4BD8-AAD9-CB5FD5BC9D34}.Debug|Any CPU.Build.0 = Debug|Any CPU
		{8CC7A17F-CDB6-4BD8-AAD9-CB5FD5BC9D34}.Release|Any CPU.ActiveCfg = Release|Any CPU
		{8CC7A17F-CDB6-4BD8-AAD9-CB5FD5BC9D34}.Release|Any CPU.Build.0 = Release|Any CPU
	EndGlobalSection
	GlobalSection(SolutionProperties) = preSolution
		HideSolutionNode = FALSE
	EndGlobalSection
	GlobalSection(ExtensibilityGlobals) = postSolution
		SolutionGuid = {F8F9CD77-7FA9-41AC-BC44-2C5E851364AB}
	EndGlobalSection
EndGlobal
