
Microsoft Visual Studio Solution File, Format Version 12.00
# Visual Studio Version 16
VisualStudioVersion = 16.0.30308.118
MinimumVisualStudioVersion = 10.0.40219.1
Project("{FAE04EC0-301F-11D3-BF4B-00C04F79EFBC}") = "Example505", "Example505\Example505.csproj", "{7F731714-4472-4B37-8C3D-05AEBA70E16D}"
EndProject
Global
	GlobalSection(SolutionConfigurationPlatforms) = preSolution
		Debug|Any CPU = Debug|Any CPU
		Release|Any CPU = Release|Any CPU
	EndGlobalSection
	GlobalSection(ProjectConfigurationPlatforms) = postSolution
		{7F731714-4472-4B37-8C3D-05AEBA70E16D}.Debug|Any CPU.ActiveCfg = Debug|Any CPU
		{7F731714-4472-4B37-8C3D-05AEBA70E16D}.Debug|Any CPU.Build.0 = Debug|Any CPU
		{7F731714-4472-4B37-8C3D-05AEBA70E16D}.Release|Any CPU.ActiveCfg = Release|Any CPU
		{7F731714-4472-4B37-8C3D-05AEBA70E16D}.Release|Any CPU.Build.0 = Release|Any CPU
	EndGlobalSection
	GlobalSection(SolutionProperties) = preSolution
		HideSolutionNode = FALSE
	EndGlobalSection
	GlobalSection(ExtensibilityGlobals) = postSolution
		SolutionGuid = {75F90F43-4B0F-4D86-9D3E-542FB6C121EA}
	EndGlobalSection
EndGlobal
