
Microsoft Visual Studio Solution File, Format Version 12.00
# Visual Studio Version 16
VisualStudioVersion = 16.0.30308.118
MinimumVisualStudioVersion = 10.0.40219.1
Project("{FAE04EC0-301F-11D3-BF4B-00C04F79EFBC}") = "example202", "example202\example202.csproj", "{599C6BA7-DF58-4867-AD53-ECD01A11CD88}"
EndProject
Global
	GlobalSection(SolutionConfigurationPlatforms) = preSolution
		Debug|Any CPU = Debug|Any CPU
		Release|Any CPU = Release|Any CPU
	EndGlobalSection
	GlobalSection(ProjectConfigurationPlatforms) = postSolution
		{599C6BA7-DF58-4867-AD53-ECD01A11CD88}.Debug|Any CPU.ActiveCfg = Debug|Any CPU
		{599C6BA7-DF58-4867-AD53-ECD01A11CD88}.Debug|Any CPU.Build.0 = Debug|Any CPU
		{599C6BA7-DF58-4867-AD53-ECD01A11CD88}.Release|Any CPU.ActiveCfg = Release|Any CPU
		{599C6BA7-DF58-4867-AD53-ECD01A11CD88}.Release|Any CPU.Build.0 = Release|Any CPU
	EndGlobalSection
	GlobalSection(SolutionProperties) = preSolution
		HideSolutionNode = FALSE
	EndGlobalSection
	GlobalSection(ExtensibilityGlobals) = postSolution
		SolutionGuid = {1B47F8DF-AD26-46E3-911E-73CDD9AA2FE7}
	EndGlobalSection
EndGlobal
