
Microsoft Visual Studio Solution File, Format Version 12.00
# Visual Studio Version 16
VisualStudioVersion = 16.0.30308.118
MinimumVisualStudioVersion = 10.0.40219.1
Project("{FAE04EC0-301F-11D3-BF4B-00C04F79EFBC}") = "sumple209", "sumple209\sumple209.csproj", "{87F29D31-307F-4B53-B0C0-91AD985EAE9F}"
EndProject
Global
	GlobalSection(SolutionConfigurationPlatforms) = preSolution
		Debug|Any CPU = Debug|Any CPU
		Release|Any CPU = Release|Any CPU
	EndGlobalSection
	GlobalSection(ProjectConfigurationPlatforms) = postSolution
		{87F29D31-307F-4B53-B0C0-91AD985EAE9F}.Debug|Any CPU.ActiveCfg = Debug|Any CPU
		{87F29D31-307F-4B53-B0C0-91AD985EAE9F}.Debug|Any CPU.Build.0 = Debug|Any CPU
		{87F29D31-307F-4B53-B0C0-91AD985EAE9F}.Release|Any CPU.ActiveCfg = Release|Any CPU
		{87F29D31-307F-4B53-B0C0-91AD985EAE9F}.Release|Any CPU.Build.0 = Release|Any CPU
	EndGlobalSection
	GlobalSection(SolutionProperties) = preSolution
		HideSolutionNode = FALSE
	EndGlobalSection
	GlobalSection(ExtensibilityGlobals) = postSolution
		SolutionGuid = {5EA92954-3AC2-4D2F-9A06-534E07D4E661}
	EndGlobalSection
EndGlobal
