
Microsoft Visual Studio Solution File, Format Version 12.00
# Visual Studio Version 16
VisualStudioVersion = 16.0.30308.118
MinimumVisualStudioVersion = 10.0.40219.1
Project("{FAE04EC0-301F-11D3-BF4B-00C04F79EFBC}") = "sample302", "sample302\sample302.csproj", "{39AA462F-FCD8-4869-87D3-E22A972C81C1}"
EndProject
Global
	GlobalSection(SolutionConfigurationPlatforms) = preSolution
		Debug|Any CPU = Debug|Any CPU
		Release|Any CPU = Release|Any CPU
	EndGlobalSection
	GlobalSection(ProjectConfigurationPlatforms) = postSolution
		{39AA462F-FCD8-4869-87D3-E22A972C81C1}.Debug|Any CPU.ActiveCfg = Debug|Any CPU
		{39AA462F-FCD8-4869-87D3-E22A972C81C1}.Debug|Any CPU.Build.0 = Debug|Any CPU
		{39AA462F-FCD8-4869-87D3-E22A972C81C1}.Release|Any CPU.ActiveCfg = Release|Any CPU
		{39AA462F-FCD8-4869-87D3-E22A972C81C1}.Release|Any CPU.Build.0 = Release|Any CPU
	EndGlobalSection
	GlobalSection(SolutionProperties) = preSolution
		HideSolutionNode = FALSE
	EndGlobalSection
	GlobalSection(ExtensibilityGlobals) = postSolution
		SolutionGuid = {FB40007D-03B3-42CF-8174-C0B6A1B04B9B}
	EndGlobalSection
EndGlobal
