
Microsoft Visual Studio Solution File, Format Version 12.00
# Visual Studio Version 16
VisualStudioVersion = 16.0.30308.118
MinimumVisualStudioVersion = 10.0.40219.1
Project("{FAE04EC0-301F-11D3-BF4B-00C04F79EFBC}") = "sample401", "sample401\sample401.csproj", "{54177E25-E98F-4487-AC3D-23B725ACBBC8}"
EndProject
Global
	GlobalSection(SolutionConfigurationPlatforms) = preSolution
		Debug|Any CPU = Debug|Any CPU
		Release|Any CPU = Release|Any CPU
	EndGlobalSection
	GlobalSection(ProjectConfigurationPlatforms) = postSolution
		{54177E25-E98F-4487-AC3D-23B725ACBBC8}.Debug|Any CPU.ActiveCfg = Debug|Any CPU
		{54177E25-E98F-4487-AC3D-23B725ACBBC8}.Debug|Any CPU.Build.0 = Debug|Any CPU
		{54177E25-E98F-4487-AC3D-23B725ACBBC8}.Release|Any CPU.ActiveCfg = Release|Any CPU
		{54177E25-E98F-4487-AC3D-23B725ACBBC8}.Release|Any CPU.Build.0 = Release|Any CPU
	EndGlobalSection
	GlobalSection(SolutionProperties) = preSolution
		HideSolutionNode = FALSE
	EndGlobalSection
	GlobalSection(ExtensibilityGlobals) = postSolution
		SolutionGuid = {1D33CD47-D324-4DEC-964C-0B713C973B65}
	EndGlobalSection
EndGlobal
