
Microsoft Visual Studio Solution File, Format Version 12.00
# Visual Studio Version 16
VisualStudioVersion = 16.0.30308.118
MinimumVisualStudioVersion = 10.0.40219.1
Project("{FAE04EC0-301F-11D3-BF4B-00C04F79EFBC}") = "sample307", "sample307\sample307.csproj", "{616AD7E0-31F3-422C-8E77-7AF179B750BD}"
EndProject
Global
	GlobalSection(SolutionConfigurationPlatforms) = preSolution
		Debug|Any CPU = Debug|Any CPU
		Release|Any CPU = Release|Any CPU
	EndGlobalSection
	GlobalSection(ProjectConfigurationPlatforms) = postSolution
		{616AD7E0-31F3-422C-8E77-7AF179B750BD}.Debug|Any CPU.ActiveCfg = Debug|Any CPU
		{616AD7E0-31F3-422C-8E77-7AF179B750BD}.Debug|Any CPU.Build.0 = Debug|Any CPU
		{616AD7E0-31F3-422C-8E77-7AF179B750BD}.Release|Any CPU.ActiveCfg = Release|Any CPU
		{616AD7E0-31F3-422C-8E77-7AF179B750BD}.Release|Any CPU.Build.0 = Release|Any CPU
	EndGlobalSection
	GlobalSection(SolutionProperties) = preSolution
		HideSolutionNode = FALSE
	EndGlobalSection
	GlobalSection(ExtensibilityGlobals) = postSolution
		SolutionGuid = {06C44C94-FFB9-481D-9935-E058126EA0F3}
	EndGlobalSection
EndGlobal
