
Microsoft Visual Studio Solution File, Format Version 12.00
# Visual Studio Version 16
VisualStudioVersion = 16.0.30308.118
MinimumVisualStudioVersion = 10.0.40219.1
Project("{FAE04EC0-301F-11D3-BF4B-00C04F79EFBC}") = "Example408", "Example408\Example408.csproj", "{A72ABE6D-2975-493F-A2FE-8D8456A5150E}"
EndProject
Global
	GlobalSection(SolutionConfigurationPlatforms) = preSolution
		Debug|Any CPU = Debug|Any CPU
		Release|Any CPU = Release|Any CPU
	EndGlobalSection
	GlobalSection(ProjectConfigurationPlatforms) = postSolution
		{A72ABE6D-2975-493F-A2FE-8D8456A5150E}.Debug|Any CPU.ActiveCfg = Debug|Any CPU
		{A72ABE6D-2975-493F-A2FE-8D8456A5150E}.Debug|Any CPU.Build.0 = Debug|Any CPU
		{A72ABE6D-2975-493F-A2FE-8D8456A5150E}.Release|Any CPU.ActiveCfg = Release|Any CPU
		{A72ABE6D-2975-493F-A2FE-8D8456A5150E}.Release|Any CPU.Build.0 = Release|Any CPU
	EndGlobalSection
	GlobalSection(SolutionProperties) = preSolution
		HideSolutionNode = FALSE
	EndGlobalSection
	GlobalSection(ExtensibilityGlobals) = postSolution
		SolutionGuid = {1C572BF4-6D1B-48B2-9CDF-A2BC3B00230B}
	EndGlobalSection
EndGlobal
