
Microsoft Visual Studio Solution File, Format Version 12.00
# Visual Studio Version 16
VisualStudioVersion = 16.0.30308.118
MinimumVisualStudioVersion = 10.0.40219.1
Project("{FAE04EC0-301F-11D3-BF4B-00C04F79EFBC}") = "example303", "example303\example303.csproj", "{6753F8F6-6003-4D35-9F94-7A6B702832F1}"
EndProject
Global
	GlobalSection(SolutionConfigurationPlatforms) = preSolution
		Debug|Any CPU = Debug|Any CPU
		Release|Any CPU = Release|Any CPU
	EndGlobalSection
	GlobalSection(ProjectConfigurationPlatforms) = postSolution
		{6753F8F6-6003-4D35-9F94-7A6B702832F1}.Debug|Any CPU.ActiveCfg = Debug|Any CPU
		{6753F8F6-6003-4D35-9F94-7A6B702832F1}.Debug|Any CPU.Build.0 = Debug|Any CPU
		{6753F8F6-6003-4D35-9F94-7A6B702832F1}.Release|Any CPU.ActiveCfg = Release|Any CPU
		{6753F8F6-6003-4D35-9F94-7A6B702832F1}.Release|Any CPU.Build.0 = Release|Any CPU
	EndGlobalSection
	GlobalSection(SolutionProperties) = preSolution
		HideSolutionNode = FALSE
	EndGlobalSection
	GlobalSection(ExtensibilityGlobals) = postSolution
		SolutionGuid = {2DA20A8E-0381-49E0-A76D-BC015BE913C7}
	EndGlobalSection
EndGlobal
