
Microsoft Visual Studio Solution File, Format Version 12.00
# Visual Studio Version 16
VisualStudioVersion = 16.0.30308.118
MinimumVisualStudioVersion = 10.0.40219.1
Project("{FAE04EC0-301F-11D3-BF4B-00C04F79EFBC}") = "sample206", "sample206\sample206.csproj", "{80C5FF5E-8327-4B00-BB4E-15DCC0383B0C}"
EndProject
Global
	GlobalSection(SolutionConfigurationPlatforms) = preSolution
		Debug|Any CPU = Debug|Any CPU
		Release|Any CPU = Release|Any CPU
	EndGlobalSection
	GlobalSection(ProjectConfigurationPlatforms) = postSolution
		{80C5FF5E-8327-4B00-BB4E-15DCC0383B0C}.Debug|Any CPU.ActiveCfg = Debug|Any CPU
		{80C5FF5E-8327-4B00-BB4E-15DCC0383B0C}.Debug|Any CPU.Build.0 = Debug|Any CPU
		{80C5FF5E-8327-4B00-BB4E-15DCC0383B0C}.Release|Any CPU.ActiveCfg = Release|Any CPU
		{80C5FF5E-8327-4B00-BB4E-15DCC0383B0C}.Release|Any CPU.Build.0 = Release|Any CPU
	EndGlobalSection
	GlobalSection(SolutionProperties) = preSolution
		HideSolutionNode = FALSE
	EndGlobalSection
	GlobalSection(ExtensibilityGlobals) = postSolution
		SolutionGuid = {247189E4-DFA9-4562-AFB2-F1C6422F4431}
	EndGlobalSection
EndGlobal
