
Microsoft Visual Studio Solution File, Format Version 12.00
# Visual Studio Version 16
VisualStudioVersion = 16.0.30308.118
MinimumVisualStudioVersion = 10.0.40219.1
Project("{FAE04EC0-301F-11D3-BF4B-00C04F79EFBC}") = "example201", "example201\example201.csproj", "{EEA0FD5E-42A9-41AE-8CB7-68AD021DACF4}"
EndProject
Global
	GlobalSection(SolutionConfigurationPlatforms) = preSolution
		Debug|Any CPU = Debug|Any CPU
		Release|Any CPU = Release|Any CPU
	EndGlobalSection
	GlobalSection(ProjectConfigurationPlatforms) = postSolution
		{EEA0FD5E-42A9-41AE-8CB7-68AD021DACF4}.Debug|Any CPU.ActiveCfg = Debug|Any CPU
		{EEA0FD5E-42A9-41AE-8CB7-68AD021DACF4}.Debug|Any CPU.Build.0 = Debug|Any CPU
		{EEA0FD5E-42A9-41AE-8CB7-68AD021DACF4}.Release|Any CPU.ActiveCfg = Release|Any CPU
		{EEA0FD5E-42A9-41AE-8CB7-68AD021DACF4}.Release|Any CPU.Build.0 = Release|Any CPU
	EndGlobalSection
	GlobalSection(SolutionProperties) = preSolution
		HideSolutionNode = FALSE
	EndGlobalSection
	GlobalSection(ExtensibilityGlobals) = postSolution
		SolutionGuid = {8C46D3B4-C5A4-4601-A753-0B9EBA6F859C}
	EndGlobalSection
EndGlobal
