
Microsoft Visual Studio Solution File, Format Version 12.00
# Visual Studio Version 16
VisualStudioVersion = 16.0.30308.118
MinimumVisualStudioVersion = 10.0.40219.1
Project("{FAE04EC0-301F-11D3-BF4B-00C04F79EFBC}") = "example203", "example203\example203.csproj", "{77A787DE-A1F0-4EFC-82B0-7B3AAF57C807}"
EndProject
Global
	GlobalSection(SolutionConfigurationPlatforms) = preSolution
		Debug|Any CPU = Debug|Any CPU
		Release|Any CPU = Release|Any CPU
	EndGlobalSection
	GlobalSection(ProjectConfigurationPlatforms) = postSolution
		{77A787DE-A1F0-4EFC-82B0-7B3AAF57C807}.Debug|Any CPU.ActiveCfg = Debug|Any CPU
		{77A787DE-A1F0-4EFC-82B0-7B3AAF57C807}.Debug|Any CPU.Build.0 = Debug|Any CPU
		{77A787DE-A1F0-4EFC-82B0-7B3AAF57C807}.Release|Any CPU.ActiveCfg = Release|Any CPU
		{77A787DE-A1F0-4EFC-82B0-7B3AAF57C807}.Release|Any CPU.Build.0 = Release|Any CPU
	EndGlobalSection
	GlobalSection(SolutionProperties) = preSolution
		HideSolutionNode = FALSE
	EndGlobalSection
	GlobalSection(ExtensibilityGlobals) = postSolution
		SolutionGuid = {BB2BFF47-0EC5-47F3-95CF-2EE6AC1C2DE8}
	EndGlobalSection
EndGlobal
