
Microsoft Visual Studio Solution File, Format Version 12.00
# Visual Studio Version 16
VisualStudioVersion = 16.0.30308.118
MinimumVisualStudioVersion = 10.0.40219.1
Project("{FAE04EC0-301F-11D3-BF4B-00C04F79EFBC}") = "example309", "example309\example309.csproj", "{B43080BA-EEB5-4F58-AB04-CEB1C4BF1079}"
EndProject
Global
	GlobalSection(SolutionConfigurationPlatforms) = preSolution
		Debug|Any CPU = Debug|Any CPU
		Release|Any CPU = Release|Any CPU
	EndGlobalSection
	GlobalSection(ProjectConfigurationPlatforms) = postSolution
		{B43080BA-EEB5-4F58-AB04-CEB1C4BF1079}.Debug|Any CPU.ActiveCfg = Debug|Any CPU
		{B43080BA-EEB5-4F58-AB04-CEB1C4BF1079}.Debug|Any CPU.Build.0 = Debug|Any CPU
		{B43080BA-EEB5-4F58-AB04-CEB1C4BF1079}.Release|Any CPU.ActiveCfg = Release|Any CPU
		{B43080BA-EEB5-4F58-AB04-CEB1C4BF1079}.Release|Any CPU.Build.0 = Release|Any CPU
	EndGlobalSection
	GlobalSection(SolutionProperties) = preSolution
		HideSolutionNode = FALSE
	EndGlobalSection
	GlobalSection(ExtensibilityGlobals) = postSolution
		SolutionGuid = {8110133C-377F-4EB8-A4DA-7210AB5F15C7}
	EndGlobalSection
EndGlobal
