
Microsoft Visual Studio Solution File, Format Version 12.00
# Visual Studio Version 16
VisualStudioVersion = 16.0.30308.118
MinimumVisualStudioVersion = 10.0.40219.1
Project("{FAE04EC0-301F-11D3-BF4B-00C04F79EFBC}") = "Example407", "Example407\Example407.csproj", "{DB257619-D22A-4E68-A7FB-261C74B597D3}"
EndProject
Global
	GlobalSection(SolutionConfigurationPlatforms) = preSolution
		Debug|Any CPU = Debug|Any CPU
		Release|Any CPU = Release|Any CPU
	EndGlobalSection
	GlobalSection(ProjectConfigurationPlatforms) = postSolution
		{DB257619-D22A-4E68-A7FB-261C74B597D3}.Debug|Any CPU.ActiveCfg = Debug|Any CPU
		{DB257619-D22A-4E68-A7FB-261C74B597D3}.Debug|Any CPU.Build.0 = Debug|Any CPU
		{DB257619-D22A-4E68-A7FB-261C74B597D3}.Release|Any CPU.ActiveCfg = Release|Any CPU
		{DB257619-D22A-4E68-A7FB-261C74B597D3}.Release|Any CPU.Build.0 = Release|Any CPU
	EndGlobalSection
	GlobalSection(SolutionProperties) = preSolution
		HideSolutionNode = FALSE
	EndGlobalSection
	GlobalSection(ExtensibilityGlobals) = postSolution
		SolutionGuid = {29D97ABD-F440-4295-A78D-833FF6363347}
	EndGlobalSection
EndGlobal
