
Microsoft Visual Studio Solution File, Format Version 12.00
# Visual Studio Version 16
VisualStudioVersion = 16.0.30308.118
MinimumVisualStudioVersion = 10.0.40219.1
Project("{FAE04EC0-301F-11D3-BF4B-00C04F79EFBC}") = "example307", "example307\example307.csproj", "{C0FFDB70-6EFC-4F4B-8C3C-AF3317D86C9B}"
EndProject
Global
	GlobalSection(SolutionConfigurationPlatforms) = preSolution
		Debug|Any CPU = Debug|Any CPU
		Release|Any CPU = Release|Any CPU
	EndGlobalSection
	GlobalSection(ProjectConfigurationPlatforms) = postSolution
		{C0FFDB70-6EFC-4F4B-8C3C-AF3317D86C9B}.Debug|Any CPU.ActiveCfg = Debug|Any CPU
		{C0FFDB70-6EFC-4F4B-8C3C-AF3317D86C9B}.Debug|Any CPU.Build.0 = Debug|Any CPU
		{C0FFDB70-6EFC-4F4B-8C3C-AF3317D86C9B}.Release|Any CPU.ActiveCfg = Release|Any CPU
		{C0FFDB70-6EFC-4F4B-8C3C-AF3317D86C9B}.Release|Any CPU.Build.0 = Release|Any CPU
	EndGlobalSection
	GlobalSection(SolutionProperties) = preSolution
		HideSolutionNode = FALSE
	EndGlobalSection
	GlobalSection(ExtensibilityGlobals) = postSolution
		SolutionGuid = {CF16698D-2C5F-463F-B742-E46B28E60C1C}
	EndGlobalSection
EndGlobal
