
Microsoft Visual Studio Solution File, Format Version 12.00
# Visual Studio Version 16
VisualStudioVersion = 16.0.30308.118
MinimumVisualStudioVersion = 10.0.40219.1
Project("{FAE04EC0-301F-11D3-BF4B-00C04F79EFBC}") = "Sample406", "Sample406\Sample406.csproj", "{6EB4E511-D8D8-493B-8A02-B6AC3C13D0BC}"
EndProject
Global
	GlobalSection(SolutionConfigurationPlatforms) = preSolution
		Debug|Any CPU = Debug|Any CPU
		Release|Any CPU = Release|Any CPU
	EndGlobalSection
	GlobalSection(ProjectConfigurationPlatforms) = postSolution
		{6EB4E511-D8D8-493B-8A02-B6AC3C13D0BC}.Debug|Any CPU.ActiveCfg = Debug|Any CPU
		{6EB4E511-D8D8-493B-8A02-B6AC3C13D0BC}.Debug|Any CPU.Build.0 = Debug|Any CPU
		{6EB4E511-D8D8-493B-8A02-B6AC3C13D0BC}.Release|Any CPU.ActiveCfg = Release|Any CPU
		{6EB4E511-D8D8-493B-8A02-B6AC3C13D0BC}.Release|Any CPU.Build.0 = Release|Any CPU
	EndGlobalSection
	GlobalSection(SolutionProperties) = preSolution
		HideSolutionNode = FALSE
	EndGlobalSection
	GlobalSection(ExtensibilityGlobals) = postSolution
		SolutionGuid = {A977C3E6-C19F-465C-A9FC-8288B858C0A4}
	EndGlobalSection
EndGlobal
