
Microsoft Visual Studio Solution File, Format Version 12.00
# Visual Studio Version 16
VisualStudioVersion = 16.0.30308.118
MinimumVisualStudioVersion = 10.0.40219.1
Project("{FAE04EC0-301F-11D3-BF4B-00C04F79EFBC}") = "Sample602", "Sample602\Sample602.csproj", "{C81F4FBA-A4A2-4CBC-9C3A-91DE88694ECB}"
EndProject
Global
	GlobalSection(SolutionConfigurationPlatforms) = preSolution
		Debug|Any CPU = Debug|Any CPU
		Release|Any CPU = Release|Any CPU
	EndGlobalSection
	GlobalSection(ProjectConfigurationPlatforms) = postSolution
		{C81F4FBA-A4A2-4CBC-9C3A-91DE88694ECB}.Debug|Any CPU.ActiveCfg = Debug|Any CPU
		{C81F4FBA-A4A2-4CBC-9C3A-91DE88694ECB}.Debug|Any CPU.Build.0 = Debug|Any CPU
		{C81F4FBA-A4A2-4CBC-9C3A-91DE88694ECB}.Release|Any CPU.ActiveCfg = Release|Any CPU
		{C81F4FBA-A4A2-4CBC-9C3A-91DE88694ECB}.Release|Any CPU.Build.0 = Release|Any CPU
	EndGlobalSection
	GlobalSection(SolutionProperties) = preSolution
		HideSolutionNode = FALSE
	EndGlobalSection
	GlobalSection(ExtensibilityGlobals) = postSolution
		SolutionGuid = {7B1B2046-69E3-4194-8E1A-7149338B046E}
	EndGlobalSection
EndGlobal
