
Microsoft Visual Studio Solution File, Format Version 12.00
# Visual Studio Version 16
VisualStudioVersion = 16.0.30308.118
MinimumVisualStudioVersion = 10.0.40219.1
Project("{FAE04EC0-301F-11D3-BF4B-00C04F79EFBC}") = "sample210", "sample210\sample210.csproj", "{1201EAAE-99A5-4354-9141-BB076BD2EC8E}"
EndProject
Global
	GlobalSection(SolutionConfigurationPlatforms) = preSolution
		Debug|Any CPU = Debug|Any CPU
		Release|Any CPU = Release|Any CPU
	EndGlobalSection
	GlobalSection(ProjectConfigurationPlatforms) = postSolution
		{1201EAAE-99A5-4354-9141-BB076BD2EC8E}.Debug|Any CPU.ActiveCfg = Debug|Any CPU
		{1201EAAE-99A5-4354-9141-BB076BD2EC8E}.Debug|Any CPU.Build.0 = Debug|Any CPU
		{1201EAAE-99A5-4354-9141-BB076BD2EC8E}.Release|Any CPU.ActiveCfg = Release|Any CPU
		{1201EAAE-99A5-4354-9141-BB076BD2EC8E}.Release|Any CPU.Build.0 = Release|Any CPU
	EndGlobalSection
	GlobalSection(SolutionProperties) = preSolution
		HideSolutionNode = FALSE
	EndGlobalSection
	GlobalSection(ExtensibilityGlobals) = postSolution
		SolutionGuid = {F471B131-869A-4602-8529-EF5B244331DB}
	EndGlobalSection
EndGlobal
