
Microsoft Visual Studio Solution File, Format Version 12.00
# Visual Studio Version 16
VisualStudioVersion = 16.0.30308.118
MinimumVisualStudioVersion = 10.0.40219.1
Project("{FAE04EC0-301F-11D3-BF4B-00C04F79EFBC}") = "kadai4", "kadai4\kadai4.csproj", "{1C5E99B2-0127-4292-AFA8-9EB0F4DAAEDF}"
EndProject
Global
	GlobalSection(SolutionConfigurationPlatforms) = preSolution
		Debug|Any CPU = Debug|Any CPU
		Release|Any CPU = Release|Any CPU
	EndGlobalSection
	GlobalSection(ProjectConfigurationPlatforms) = postSolution
		{1C5E99B2-0127-4292-AFA8-9EB0F4DAAEDF}.Debug|Any CPU.ActiveCfg = Debug|Any CPU
		{1C5E99B2-0127-4292-AFA8-9EB0F4DAAEDF}.Debug|Any CPU.Build.0 = Debug|Any CPU
		{1C5E99B2-0127-4292-AFA8-9EB0F4DAAEDF}.Release|Any CPU.ActiveCfg = Release|Any CPU
		{1C5E99B2-0127-4292-AFA8-9EB0F4DAAEDF}.Release|Any CPU.Build.0 = Release|Any CPU
	EndGlobalSection
	GlobalSection(SolutionProperties) = preSolution
		HideSolutionNode = FALSE
	EndGlobalSection
	GlobalSection(ExtensibilityGlobals) = postSolution
		SolutionGuid = {8B3D0ED1-EA97-494F-B25F-640A1AE06733}
	EndGlobalSection
EndGlobal
