
Microsoft Visual Studio Solution File, Format Version 12.00
# Visual Studio Version 16
VisualStudioVersion = 16.0.30308.118
MinimumVisualStudioVersion = 10.0.40219.1
Project("{FAE04EC0-301F-11D3-BF4B-00C04F79EFBC}") = "Sample603", "Sample603\Sample603.csproj", "{0FC7C153-163C-484A-B927-33940876F1EA}"
EndProject
Global
	GlobalSection(SolutionConfigurationPlatforms) = preSolution
		Debug|Any CPU = Debug|Any CPU
		Release|Any CPU = Release|Any CPU
	EndGlobalSection
	GlobalSection(ProjectConfigurationPlatforms) = postSolution
		{0FC7C153-163C-484A-B927-33940876F1EA}.Debug|Any CPU.ActiveCfg = Debug|Any CPU
		{0FC7C153-163C-484A-B927-33940876F1EA}.Debug|Any CPU.Build.0 = Debug|Any CPU
		{0FC7C153-163C-484A-B927-33940876F1EA}.Release|Any CPU.ActiveCfg = Release|Any CPU
		{0FC7C153-163C-484A-B927-33940876F1EA}.Release|Any CPU.Build.0 = Release|Any CPU
	EndGlobalSection
	GlobalSection(SolutionProperties) = preSolution
		HideSolutionNode = FALSE
	EndGlobalSection
	GlobalSection(ExtensibilityGlobals) = postSolution
		SolutionGuid = {7EBB5832-9C40-4EBF-BD6D-30F7308130D2}
	EndGlobalSection
EndGlobal
