
Microsoft Visual Studio Solution File, Format Version 12.00
# Visual Studio Version 16
VisualStudioVersion = 16.0.30308.118
MinimumVisualStudioVersion = 10.0.40219.1
Project("{FAE04EC0-301F-11D3-BF4B-00C04F79EFBC}") = "Sample505", "Sample505\Sample505.csproj", "{5B0347FF-1804-481D-B9F8-9A601F8FA9E0}"
EndProject
Global
	GlobalSection(SolutionConfigurationPlatforms) = preSolution
		Debug|Any CPU = Debug|Any CPU
		Release|Any CPU = Release|Any CPU
	EndGlobalSection
	GlobalSection(ProjectConfigurationPlatforms) = postSolution
		{5B0347FF-1804-481D-B9F8-9A601F8FA9E0}.Debug|Any CPU.ActiveCfg = Debug|Any CPU
		{5B0347FF-1804-481D-B9F8-9A601F8FA9E0}.Debug|Any CPU.Build.0 = Debug|Any CPU
		{5B0347FF-1804-481D-B9F8-9A601F8FA9E0}.Release|Any CPU.ActiveCfg = Release|Any CPU
		{5B0347FF-1804-481D-B9F8-9A601F8FA9E0}.Release|Any CPU.Build.0 = Release|Any CPU
	EndGlobalSection
	GlobalSection(SolutionProperties) = preSolution
		HideSolutionNode = FALSE
	EndGlobalSection
	GlobalSection(ExtensibilityGlobals) = postSolution
		SolutionGuid = {37781909-3C87-425C-A931-A466C1249183}
	EndGlobalSection
EndGlobal
