
Microsoft Visual Studio Solution File, Format Version 12.00
# Visual Studio Version 16
VisualStudioVersion = 16.0.30308.118
MinimumVisualStudioVersion = 10.0.40219.1
Project("{FAE04EC0-301F-11D3-BF4B-00C04F79EFBC}") = "Sample601", "Sample601\Sample601.csproj", "{02ED08C5-376C-4B11-AFCF-71B04F2A1370}"
EndProject
Global
	GlobalSection(SolutionConfigurationPlatforms) = preSolution
		Debug|Any CPU = Debug|Any CPU
		Release|Any CPU = Release|Any CPU
	EndGlobalSection
	GlobalSection(ProjectConfigurationPlatforms) = postSolution
		{02ED08C5-376C-4B11-AFCF-71B04F2A1370}.Debug|Any CPU.ActiveCfg = Debug|Any CPU
		{02ED08C5-376C-4B11-AFCF-71B04F2A1370}.Debug|Any CPU.Build.0 = Debug|Any CPU
		{02ED08C5-376C-4B11-AFCF-71B04F2A1370}.Release|Any CPU.ActiveCfg = Release|Any CPU
		{02ED08C5-376C-4B11-AFCF-71B04F2A1370}.Release|Any CPU.Build.0 = Release|Any CPU
	EndGlobalSection
	GlobalSection(SolutionProperties) = preSolution
		HideSolutionNode = FALSE
	EndGlobalSection
	GlobalSection(ExtensibilityGlobals) = postSolution
		SolutionGuid = {6B653D7C-F8AB-460D-8698-48A73A023470}
	EndGlobalSection
EndGlobal
