
Microsoft Visual Studio Solution File, Format Version 12.00
# Visual Studio Version 16
VisualStudioVersion = 16.0.30308.118
MinimumVisualStudioVersion = 10.0.40219.1
Project("{FAE04EC0-301F-11D3-BF4B-00C04F79EFBC}") = "Sample606", "Sample606\Sample606.csproj", "{7E86381B-EDD7-4790-A615-AF310E6A6E4B}"
EndProject
Global
	GlobalSection(SolutionConfigurationPlatforms) = preSolution
		Debug|Any CPU = Debug|Any CPU
		Release|Any CPU = Release|Any CPU
	EndGlobalSection
	GlobalSection(ProjectConfigurationPlatforms) = postSolution
		{7E86381B-EDD7-4790-A615-AF310E6A6E4B}.Debug|Any CPU.ActiveCfg = Debug|Any CPU
		{7E86381B-EDD7-4790-A615-AF310E6A6E4B}.Debug|Any CPU.Build.0 = Debug|Any CPU
		{7E86381B-EDD7-4790-A615-AF310E6A6E4B}.Release|Any CPU.ActiveCfg = Release|Any CPU
		{7E86381B-EDD7-4790-A615-AF310E6A6E4B}.Release|Any CPU.Build.0 = Release|Any CPU
	EndGlobalSection
	GlobalSection(SolutionProperties) = preSolution
		HideSolutionNode = FALSE
	EndGlobalSection
	GlobalSection(ExtensibilityGlobals) = postSolution
		SolutionGuid = {88C1C72A-E9A8-4611-B7F0-1D046327EFB3}
	EndGlobalSection
EndGlobal
